
Microsoft Visual Studio Solution File, Format Version 12.00
Project("{FAE04EC0-301F-11D3-BF4B-00C04F79EFBC}") = "KOLO_2", "KOLO_2\KOLO_2.csproj", "{2DAD132A-B415-4475-800F-504D4F1A6EF9}"
EndProject
Global
	GlobalSection(SolutionConfigurationPlatforms) = preSolution
		Debug|Any CPU = Debug|Any CPU
		Release|Any CPU = Release|Any CPU
	EndGlobalSection
	GlobalSection(ProjectConfigurationPlatforms) = postSolution
		{2DAD132A-B415-4475-800F-504D4F1A6EF9}.Debug|Any CPU.ActiveCfg = Debug|Any CPU
		{2DAD132A-B415-4475-800F-504D4F1A6EF9}.Debug|Any CPU.Build.0 = Debug|Any CPU
		{2DAD132A-B415-4475-800F-504D4F1A6EF9}.Release|Any CPU.ActiveCfg = Release|Any CPU
		{2DAD132A-B415-4475-800F-504D4F1A6EF9}.Release|Any CPU.Build.0 = Release|Any CPU
	EndGlobalSection
EndGlobal
